%{
  "acceptor_pool": {:hex, :acceptor_pool, "1.0.0", "43c20d2acae35f0c2bcd64f9d2bde267e459f0f3fd23dab26485bf518c281b21", [:rebar3], [], "hexpm", "0cbcd83fdc8b9ad2eee2067ef8b91a14858a5883cb7cd800e6fcd5803e158788"},
  "chatterbox": {:hex, :ts_chatterbox, "0.11.0", "b8f372c706023eb0de5bf2976764edb27c70fe67052c88c1f6a66b3a5626847f", [:rebar3], [{:hpack, "~>0.2.3", [hex: :hpack_erl, repo: "hexpm", optional: false]}], "hexpm", "722fe2bad52913ab7e87d849fc6370375f0c961ffb2f0b5e6d647c9170c382a6"},
  "cowboy": {:hex, :cowboy, "2.9.0", "865dd8b6607e14cf03282e10e934023a1bd8be6f6bacf921a7e2a96d800cd452", [:make, :rebar3], [{:cowlib, "2.11.0", [hex: :cowlib, repo: "hexpm", optional: false]}, {:ranch, "1.8.0", [hex: :ranch, repo: "hexpm", optional: false]}], "hexpm", "2c729f934b4e1aa149aff882f57c6372c15399a20d54f65c8d67bef583021bde"},
  "cowboy_telemetry": {:hex, :cowboy_telemetry, "0.4.0", "f239f68b588efa7707abce16a84d0d2acf3a0f50571f8bb7f56a15865aae820c", [:rebar3], [{:cowboy, "~> 2.7", [hex: :cowboy, repo: "hexpm", optional: false]}, {:telemetry, "~> 1.0", [hex: :telemetry, repo: "hexpm", optional: false]}], "hexpm", "7d98bac1ee4565d31b62d59f8823dfd8356a169e7fcbb83831b8a5397404c9de"},
  "cowlib": {:hex, :cowlib, "2.11.0", "0b9ff9c346629256c42ebe1eeb769a83c6cb771a6ee5960bd110ab0b9b872063", [:make, :rebar3], [], "hexpm", "2b3e9da0b21c4565751a6d4901c20d1b4cc25cbb7fd50d91d2ab6dd287bc86a9"},
  "ctx": {:hex, :ctx, "0.6.0", "8ff88b70e6400c4df90142e7f130625b82086077a45364a78d208ed3ed53c7fe", [:rebar3], [], "hexpm", "a14ed2d1b67723dbebbe423b28d7615eb0bdcba6ff28f2d1f1b0a7e1d4aa5fc2"},
  "gproc": {:hex, :gproc, "0.8.0", "cea02c578589c61e5341fce149ea36ccef236cc2ecac8691fba408e7ea77ec2f", [:rebar3], [], "hexpm", "580adafa56463b75263ef5a5df4c86af321f68694e7786cb057fd805d1e2a7de"},
  "grpcbox": {:hex, :grpcbox, "0.14.0", "3eb321bcd2275baf8b54cf381feb7b0559a50c02544de28fda039c7f2f9d1a7a", [:rebar3], [{:acceptor_pool, "~>1.0.0", [hex: :acceptor_pool, repo: "hexpm", optional: false]}, {:chatterbox, "~>0.11.0", [hex: :ts_chatterbox, repo: "hexpm", optional: false]}, {:ctx, "~>0.6.0", [hex: :ctx, repo: "hexpm", optional: false]}, {:gproc, "~>0.8.0", [hex: :gproc, repo: "hexpm", optional: false]}], "hexpm", "e24159b7b6d3f9869bbe528845c0125fed2259366ba908fd04a1f45fe81d0660"},
  "hpack": {:hex, :hpack_erl, "0.2.3", "17670f83ff984ae6cd74b1c456edde906d27ff013740ee4d9efaa4f1bf999633", [:rebar3], [], "hexpm", "06f580167c4b8b8a6429040df36cc93bba6d571faeaec1b28816523379cbb23a"},
  "mime": {:hex, :mime, "2.0.3", "3676436d3d1f7b81b5a2d2bd8405f412c677558c81b1c92be58c00562bb59095", [:mix], [], "hexpm", "27a30bf0db44d25eecba73755acf4068cbfe26a4372f9eb3e4ea3a45956bff6b"},
  "opentelemetry": {:hex, :opentelemetry, "1.0.0-rc.2", "d3e1fd9debfd73e00b0241cac464be7cd6ca6ac2bd38ab2ebe0c92401c76a342", [:rebar3], [{:opentelemetry_api, "~> 1.0.0-rc.2", [hex: :opentelemetry_api, repo: "hexpm", optional: false]}], "hexpm", "2f810e2eed70a9ea0c9b6943969b59e37f96a2f9e10920045a6c7676c2ab8181"},
  "opentelemetry_api": {:hex, :opentelemetry_api, "1.0.0-rc.2", "a0ec5b242bb7ce7563b4891e77dcfa529defc9e42c19a5a702574c5ac3d0c6e7", [:mix, :rebar3], [], "hexpm", "426a969c8ee2afa8ab55b58e6e40e81c1f934c064459a1acb530f54042f9a9a3"},
  "opentelemetry_exporter": {:hex, :opentelemetry_exporter, "1.0.0-rc.1", "e3abedac6636b27c1132fa78782356fc43407b03a7a1eb6f10c8cbc10f4e1d73", [:rebar3], [{:grpcbox, "~>0.14.0", [hex: :grpcbox, repo: "hexpm", optional: false]}, {:opentelemetry, "~> 1.0.0-rc.1", [hex: :opentelemetry, repo: "hexpm", optional: false]}, {:opentelemetry_api, "~> 1.0.0-rc.1", [hex: :opentelemetry_api, repo: "hexpm", optional: false]}], "hexpm", "c35dc739fb87206decb4982c949029a2476e89de73ec93cb19bb4e6dafe501d7"},
  "opentelemetry_plug": {:git, "https://github.com/opentelemetry-beam/opentelemetry_plug.git", "82206fb09fbeb9ffa2f167a5f58ea943c117c003", []},
  "plug": {:hex, :plug, "1.14.1", "3148623796853ae96c628960b833bf6b6a894d6bdc8c199ef7160c41149b71f2", [:mix], [{:mime, "~> 1.0 or ~> 2.0", [hex: :mime, repo: "hexpm", optional: false]}, {:plug_crypto, "~> 1.1.1 or ~> 1.2", [hex: :plug_crypto, repo: "hexpm", optional: false]}, {:telemetry, "~> 0.4.3 or ~> 1.0", [hex: :telemetry, repo: "hexpm", optional: false]}], "hexpm", "a0e789be21a576b11ec55a0983e4e8f7c7b07d88dfb3b8da9e97767132271d40"},
  "plug_cowboy": {:hex, :plug_cowboy, "2.6.1", "9a3bbfceeb65eff5f39dab529e5cd79137ac36e913c02067dba3963a26efe9b2", [:mix], [{:cowboy, "~> 2.7", [hex: :cowboy, repo: "hexpm", optional: false]}, {:cowboy_telemetry, "~> 0.3", [hex: :cowboy_telemetry, repo: "hexpm", optional: false]}, {:plug, "~> 1.14", [hex: :plug, repo: "hexpm", optional: false]}], "hexpm", "de36e1a21f451a18b790f37765db198075c25875c64834bcc82d90b309eb6613"},
  "plug_crypto": {:hex, :plug_crypto, "1.2.5", "918772575e48e81e455818229bf719d4ab4181fcbf7f85b68a35620f78d89ced", [:mix], [], "hexpm", "26549a1d6345e2172eb1c233866756ae44a9609bd33ee6f99147ab3fd87fd842"},
  "ranch": {:hex, :ranch, "1.8.0", "8c7a100a139fd57f17327b6413e4167ac559fbc04ca7448e9be9057311597a1d", [:make, :rebar3], [], "hexpm", "49fbcfd3682fab1f5d109351b61257676da1a2fdbe295904176d5e521a2ddfe5"},
  "telemetry": {:hex, :telemetry, "1.2.1", "68fdfe8d8f05a8428483a97d7aab2f268aaff24b49e0f599faa091f1d4e7f61c", [:rebar3], [], "hexpm", "dad9ce9d8effc621708f99eac538ef1cbe05d6a874dd741de2e689c47feafed5"},
}
